
Microsoft Visual Studio Solution File, Format Version 12.00
# Visual Studio 2012
Project("{FAE04EC0-301F-11D3-BF4B-00C04F79EFBC}") = "AdultProg", "AdultProg\AdultProg.csproj", "{4BC6285E-03D5-4E3D-BFC3-FA214F6188C2}"
EndProject
Global
	GlobalSection(SolutionConfigurationPlatforms) = preSolution
		Debug|Any CPU = Debug|Any CPU
		Release|Any CPU = Release|Any CPU
	EndGlobalSection
	GlobalSection(ProjectConfigurationPlatforms) = postSolution
		{4BC6285E-03D5-4E3D-BFC3-FA214F6188C2}.Debug|Any CPU.ActiveCfg = Debug|Any CPU
		{4BC6285E-03D5-4E3D-BFC3-FA214F6188C2}.Debug|Any CPU.Build.0 = Debug|Any CPU
		{4BC6285E-03D5-4E3D-BFC3-FA214F6188C2}.Release|Any CPU.ActiveCfg = Release|Any CPU
		{4BC6285E-03D5-4E3D-BFC3-FA214F6188C2}.Release|Any CPU.Build.0 = Release|Any CPU
	EndGlobalSection
	GlobalSection(SolutionProperties) = preSolution
		HideSolutionNode = FALSE
	EndGlobalSection
EndGlobal
